// !$*UTF8*$!
{
	archiveVersion = 1;
	classes = {
	};
	objectVersion = 55;
	objects = {

/* Begin PBXBuildFile section */
		C41AA15C27D70CB900C0EDFE /* CacheAsyncImage.swift in Sources */ = {isa = PBXBuildFile; fileRef = C41AA15B27D70CB900C0EDFE /* CacheAsyncImage.swift */; };
		C42DCC6E27D6A03A00F1CEDB /* EmployeeAPIDataSourceNoURLMock.swift in Sources */ = {isa = PBXBuildFile; fileRef = C42DCC6D27D6A03A00F1CEDB /* EmployeeAPIDataSourceNoURLMock.swift */; };
		C42DCC7027D6A08300F1CEDB /* EmployeeAPIDataSourceBadURLMock.swift in Sources */ = {isa = PBXBuildFile; fileRef = C42DCC6F27D6A08300F1CEDB /* EmployeeAPIDataSourceBadURLMock.swift */; };
		C42DCC7227D6A0BD00F1CEDB /* EmployeeAPIDataSourceMalformedURLMock.swift in Sources */ = {isa = PBXBuildFile; fileRef = C42DCC7127D6A0BD00F1CEDB /* EmployeeAPIDataSourceMalformedURLMock.swift */; };
		C42DCC7427D6A16C00F1CEDB /* EmployeeAPIConfigManagerSuccessMock.swift in Sources */ = {isa = PBXBuildFile; fileRef = C42DCC7327D6A16C00F1CEDB /* EmployeeAPIConfigManagerSuccessMock.swift */; };
		C42DCC7627D6A3B400F1CEDB /* EmployeeAPIDataSourceSuccessMock.swift in Sources */ = {isa = PBXBuildFile; fileRef = C42DCC7527D6A3B400F1CEDB /* EmployeeAPIDataSourceSuccessMock.swift */; };
		C485986427D6730A004B4742 /* EmployeeAPIConfigManagerEmptyMock.swift in Sources */ = {isa = PBXBuildFile; fileRef = C485986327D6730A004B4742 /* EmployeeAPIConfigManagerEmptyMock.swift */; };
		C485986627D673E8004B4742 /* EmployeeAPIConfigManagerMalformedMock.swift in Sources */ = {isa = PBXBuildFile; fileRef = C485986527D673E8004B4742 /* EmployeeAPIConfigManagerMalformedMock.swift */; };
		C485986827D68115004B4742 /* EmployeeAPIConfigManagerNoURLMock.swift in Sources */ = {isa = PBXBuildFile; fileRef = C485986727D68115004B4742 /* EmployeeAPIConfigManagerNoURLMock.swift */; };
		C485986A27D681A8004B4742 /* EmployeeAPIConfigManagerBadURLMock.swift in Sources */ = {isa = PBXBuildFile; fileRef = C485986927D681A8004B4742 /* EmployeeAPIConfigManagerBadURLMock.swift */; };
		C4A017AD27D65FF4005C8F91 /* ConfigurationManager.swift in Sources */ = {isa = PBXBuildFile; fileRef = C4A017AC27D65FF4005C8F91 /* ConfigurationManager.swift */; };
		C4A017B027D66567005C8F91 /* APIConfigurable.swift in Sources */ = {isa = PBXBuildFile; fileRef = C4A017AF27D66567005C8F91 /* APIConfigurable.swift */; };
		C4A017B327D665A5005C8F91 /* EmployeeAPIConfiguration.swift in Sources */ = {isa = PBXBuildFile; fileRef = C4A017B227D665A5005C8F91 /* EmployeeAPIConfiguration.swift */; };
		C4A6329727D3CEE000DA0504 /* BlockApp.swift in Sources */ = {isa = PBXBuildFile; fileRef = C4A6329627D3CEE000DA0504 /* BlockApp.swift */; };
		C4A6329927D3CEE000DA0504 /* EmployeeListView.swift in Sources */ = {isa = PBXBuildFile; fileRef = C4A6329827D3CEE000DA0504 /* EmployeeListView.swift */; };
		C4A6329B27D3CEE100DA0504 /* Assets.xcassets in Resources */ = {isa = PBXBuildFile; fileRef = C4A6329A27D3CEE100DA0504 /* Assets.xcassets */; };
		C4A632B327D3EAD000DA0504 /* EmployeeRepository.swift in Sources */ = {isa = PBXBuildFile; fileRef = C4A632B227D3EAD000DA0504 /* EmployeeRepository.swift */; };
		C4A632B527D3EB0C00DA0504 /* EmployeeRepositable.swift in Sources */ = {isa = PBXBuildFile; fileRef = C4A632B427D3EB0C00DA0504 /* EmployeeRepositable.swift */; };
		C4A632BE27D3F0FC00DA0504 /* EmployeeDTO.swift in Sources */ = {isa = PBXBuildFile; fileRef = C4A632BD27D3F0FC00DA0504 /* EmployeeDTO.swift */; };
		C4A632C027D3F11800DA0504 /* EmployeeDataSourceable.swift in Sources */ = {isa = PBXBuildFile; fileRef = C4A632BF27D3F11800DA0504 /* EmployeeDataSourceable.swift */; };
		C4A632C227D3F1B100DA0504 /* EmployeeAPIDataSource.swift in Sources */ = {isa = PBXBuildFile; fileRef = C4A632C127D3F1B100DA0504 /* EmployeeAPIDataSource.swift */; };
		C4A632C427D3F75900DA0504 /* Employee.swift in Sources */ = {isa = PBXBuildFile; fileRef = C4A632C327D3F75900DA0504 /* Employee.swift */; };
		C4A632C627D3F88F00DA0504 /* FetchEmployeeUseCaseable.swift in Sources */ = {isa = PBXBuildFile; fileRef = C4A632C527D3F88F00DA0504 /* FetchEmployeeUseCaseable.swift */; };
		C4A632CA27D4004200DA0504 /* EmployeeAPIConfiguration.plist in Resources */ = {isa = PBXBuildFile; fileRef = C4A632C927D4004200DA0504 /* EmployeeAPIConfiguration.plist */; };
		C4A632CC27D4031D00DA0504 /* EmployeeAPIEndpoints.swift in Sources */ = {isa = PBXBuildFile; fileRef = C4A632CB27D4031D00DA0504 /* EmployeeAPIEndpoints.swift */; };
		C4A632CF27D52D0300DA0504 /* EmployeeListViewModel.swift in Sources */ = {isa = PBXBuildFile; fileRef = C4A632CE27D52D0300DA0504 /* EmployeeListViewModel.swift */; };
		C4A632D127D5321D00DA0504 /* FetchEmployeesUseCase.swift in Sources */ = {isa = PBXBuildFile; fileRef = C4A632D027D5321D00DA0504 /* FetchEmployeesUseCase.swift */; };
		C4A632D527D5807E00DA0504 /* ErrorView.swift in Sources */ = {isa = PBXBuildFile; fileRef = C4A632D427D5807E00DA0504 /* ErrorView.swift */; };
		C4A632D727D5822600DA0504 /* ErrorLabel.swift in Sources */ = {isa = PBXBuildFile; fileRef = C4A632D627D5822600DA0504 /* ErrorLabel.swift */; };
		C4A632DB27D5855F00DA0504 /* ListView.swift in Sources */ = {isa = PBXBuildFile; fileRef = C4A632DA27D5855F00DA0504 /* ListView.swift */; };
		C4A632DD27D585EE00DA0504 /* EmployeeRow.swift in Sources */ = {isa = PBXBuildFile; fileRef = C4A632DC27D585EE00DA0504 /* EmployeeRow.swift */; };
		C4A632DF27D59DB200DA0504 /* EmployeeAPIDataSource+Decode.swift in Sources */ = {isa = PBXBuildFile; fileRef = C4A632DE27D59DB200DA0504 /* EmployeeAPIDataSource+Decode.swift */; };
		C4A632F827D63A4700DA0504 /* EmployeeAPIDataSourceTest.swift in Sources */ = {isa = PBXBuildFile; fileRef = C4A632F727D63A4700DA0504 /* EmployeeAPIDataSourceTest.swift */; };
		C4A632FC27D6479300DA0504 /* EmployeeAPIConfigManager.swift in Sources */ = {isa = PBXBuildFile; fileRef = C4A632FB27D6479300DA0504 /* EmployeeAPIConfigManager.swift */; };
		C4BEE42C27D689E000177FB9 /* EmployeeAPIConfigManagerMalformedURLMock.swift in Sources */ = {isa = PBXBuildFile; fileRef = C4BEE42B27D689E000177FB9 /* EmployeeAPIConfigManagerMalformedURLMock.swift */; };
		C4BEE43027D69B4F00177FB9 /* EmployeeRepositoryTest.swift in Sources */ = {isa = PBXBuildFile; fileRef = C4BEE42F27D69B4F00177FB9 /* EmployeeRepositoryTest.swift */; };
		C4BEE43327D69D3700177FB9 /* EmployeeAPIDataSourceEmptyMock.swift in Sources */ = {isa = PBXBuildFile; fileRef = C4BEE43227D69D3700177FB9 /* EmployeeAPIDataSourceEmptyMock.swift */; };
		C4BEE43527D69E3A00177FB9 /* EmployeeAPIDataSourceMalformedMock.swift in Sources */ = {isa = PBXBuildFile; fileRef = C4BEE43427D69E3A00177FB9 /* EmployeeAPIDataSourceMalformedMock.swift */; };
		C4F85AFE27D6BF08002AFA5F /* EmployeePhoto.swift in Sources */ = {isa = PBXBuildFile; fileRef = C4F85AFD27D6BF08002AFA5F /* EmployeePhoto.swift */; };
		C4F85B0027D6C04F002AFA5F /* EmployeeDescription.swift in Sources */ = {isa = PBXBuildFile; fileRef = C4F85AFF27D6C04F002AFA5F /* EmployeeDescription.swift */; };
/* End PBXBuildFile section */

/* Begin PBXContainerItemProxy section */
		C4A632EA27D6389800DA0504 /* PBXContainerItemProxy */ = {
			isa = PBXContainerItemProxy;
			containerPortal = C4A6328B27D3CEE000DA0504 /* Project object */;
			proxyType = 1;
			remoteGlobalIDString = C4A6329227D3CEE000DA0504;
			remoteInfo = Block;
		};
/* End PBXContainerItemProxy section */

/* Begin PBXFileReference section */
		C41AA15B27D70CB900C0EDFE /* CacheAsyncImage.swift */ = {isa = PBXFileReference; lastKnownFileType = sourcecode.swift; path = CacheAsyncImage.swift; sourceTree = "<group>"; };
		C42DCC6D27D6A03A00F1CEDB /* EmployeeAPIDataSourceNoURLMock.swift */ = {isa = PBXFileReference; lastKnownFileType = sourcecode.swift; path = EmployeeAPIDataSourceNoURLMock.swift; sourceTree = "<group>"; };
		C42DCC6F27D6A08300F1CEDB /* EmployeeAPIDataSourceBadURLMock.swift */ = {isa = PBXFileReference; lastKnownFileType = sourcecode.swift; path = EmployeeAPIDataSourceBadURLMock.swift; sourceTree = "<group>"; };
		C42DCC7127D6A0BD00F1CEDB /* EmployeeAPIDataSourceMalformedURLMock.swift */ = {isa = PBXFileReference; lastKnownFileType = sourcecode.swift; path = EmployeeAPIDataSourceMalformedURLMock.swift; sourceTree = "<group>"; };
		C42DCC7327D6A16C00F1CEDB /* EmployeeAPIConfigManagerSuccessMock.swift */ = {isa = PBXFileReference; lastKnownFileType = sourcecode.swift; path = EmployeeAPIConfigManagerSuccessMock.swift; sourceTree = "<group>"; };
		C42DCC7527D6A3B400F1CEDB /* EmployeeAPIDataSourceSuccessMock.swift */ = {isa = PBXFileReference; lastKnownFileType = sourcecode.swift; path = EmployeeAPIDataSourceSuccessMock.swift; sourceTree = "<group>"; };
		C485986327D6730A004B4742 /* EmployeeAPIConfigManagerEmptyMock.swift */ = {isa = PBXFileReference; lastKnownFileType = sourcecode.swift; path = EmployeeAPIConfigManagerEmptyMock.swift; sourceTree = "<group>"; };
		C485986527D673E8004B4742 /* EmployeeAPIConfigManagerMalformedMock.swift */ = {isa = PBXFileReference; lastKnownFileType = sourcecode.swift; path = EmployeeAPIConfigManagerMalformedMock.swift; sourceTree = "<group>"; };
		C485986727D68115004B4742 /* EmployeeAPIConfigManagerNoURLMock.swift */ = {isa = PBXFileReference; lastKnownFileType = sourcecode.swift; path = EmployeeAPIConfigManagerNoURLMock.swift; sourceTree = "<group>"; };
		C485986927D681A8004B4742 /* EmployeeAPIConfigManagerBadURLMock.swift */ = {isa = PBXFileReference; lastKnownFileType = sourcecode.swift; path = EmployeeAPIConfigManagerBadURLMock.swift; sourceTree = "<group>"; };
		C4A017AC27D65FF4005C8F91 /* ConfigurationManager.swift */ = {isa = PBXFileReference; lastKnownFileType = sourcecode.swift; path = ConfigurationManager.swift; sourceTree = "<group>"; };
		C4A017AF27D66567005C8F91 /* APIConfigurable.swift */ = {isa = PBXFileReference; lastKnownFileType = sourcecode.swift; path = APIConfigurable.swift; sourceTree = "<group>"; };
		C4A017B227D665A5005C8F91 /* EmployeeAPIConfiguration.swift */ = {isa = PBXFileReference; lastKnownFileType = sourcecode.swift; path = EmployeeAPIConfiguration.swift; sourceTree = "<group>"; };
		C4A6329327D3CEE000DA0504 /* Block.app */ = {isa = PBXFileReference; explicitFileType = wrapper.application; includeInIndex = 0; path = Block.app; sourceTree = BUILT_PRODUCTS_DIR; };
		C4A6329627D3CEE000DA0504 /* BlockApp.swift */ = {isa = PBXFileReference; lastKnownFileType = sourcecode.swift; path = BlockApp.swift; sourceTree = "<group>"; };
		C4A6329827D3CEE000DA0504 /* EmployeeListView.swift */ = {isa = PBXFileReference; lastKnownFileType = sourcecode.swift; path = EmployeeListView.swift; sourceTree = "<group>"; };
		C4A6329A27D3CEE100DA0504 /* Assets.xcassets */ = {isa = PBXFileReference; lastKnownFileType = folder.assetcatalog; path = Assets.xcassets; sourceTree = "<group>"; };
		C4A632B227D3EAD000DA0504 /* EmployeeRepository.swift */ = {isa = PBXFileReference; lastKnownFileType = sourcecode.swift; path = EmployeeRepository.swift; sourceTree = "<group>"; };
		C4A632B427D3EB0C00DA0504 /* EmployeeRepositable.swift */ = {isa = PBXFileReference; lastKnownFileType = sourcecode.swift; path = EmployeeRepositable.swift; sourceTree = "<group>"; };
		C4A632BD27D3F0FC00DA0504 /* EmployeeDTO.swift */ = {isa = PBXFileReference; lastKnownFileType = sourcecode.swift; path = EmployeeDTO.swift; sourceTree = "<group>"; };
		C4A632BF27D3F11800DA0504 /* EmployeeDataSourceable.swift */ = {isa = PBXFileReference; lastKnownFileType = sourcecode.swift; path = EmployeeDataSourceable.swift; sourceTree = "<group>"; };
		C4A632C127D3F1B100DA0504 /* EmployeeAPIDataSource.swift */ = {isa = PBXFileReference; lastKnownFileType = sourcecode.swift; path = EmployeeAPIDataSource.swift; sourceTree = "<group>"; };
		C4A632C327D3F75900DA0504 /* Employee.swift */ = {isa = PBXFileReference; lastKnownFileType = sourcecode.swift; path = Employee.swift; sourceTree = "<group>"; };
		C4A632C527D3F88F00DA0504 /* FetchEmployeeUseCaseable.swift */ = {isa = PBXFileReference; lastKnownFileType = sourcecode.swift; path = FetchEmployeeUseCaseable.swift; sourceTree = "<group>"; };
		C4A632C927D4004200DA0504 /* EmployeeAPIConfiguration.plist */ = {isa = PBXFileReference; lastKnownFileType = text.plist.xml; path = EmployeeAPIConfiguration.plist; sourceTree = "<group>"; };
		C4A632CB27D4031D00DA0504 /* EmployeeAPIEndpoints.swift */ = {isa = PBXFileReference; lastKnownFileType = sourcecode.swift; path = EmployeeAPIEndpoints.swift; sourceTree = "<group>"; };
		C4A632CE27D52D0300DA0504 /* EmployeeListViewModel.swift */ = {isa = PBXFileReference; lastKnownFileType = sourcecode.swift; path = EmployeeListViewModel.swift; sourceTree = "<group>"; };
		C4A632D027D5321D00DA0504 /* FetchEmployeesUseCase.swift */ = {isa = PBXFileReference; lastKnownFileType = sourcecode.swift; path = FetchEmployeesUseCase.swift; sourceTree = "<group>"; };
		C4A632D427D5807E00DA0504 /* ErrorView.swift */ = {isa = PBXFileReference; lastKnownFileType = sourcecode.swift; path = ErrorView.swift; sourceTree = "<group>"; };
		C4A632D627D5822600DA0504 /* ErrorLabel.swift */ = {isa = PBXFileReference; lastKnownFileType = sourcecode.swift; path = ErrorLabel.swift; sourceTree = "<group>"; };
		C4A632DA27D5855F00DA0504 /* ListView.swift */ = {isa = PBXFileReference; lastKnownFileType = sourcecode.swift; path = ListView.swift; sourceTree = "<group>"; };
		C4A632DC27D585EE00DA0504 /* EmployeeRow.swift */ = {isa = PBXFileReference; lastKnownFileType = sourcecode.swift; path = EmployeeRow.swift; sourceTree = "<group>"; };
		C4A632DE27D59DB200DA0504 /* EmployeeAPIDataSource+Decode.swift */ = {isa = PBXFileReference; lastKnownFileType = sourcecode.swift; path = "EmployeeAPIDataSource+Decode.swift"; sourceTree = "<group>"; };
		C4A632E627D6389800DA0504 /* BlockTests.xctest */ = {isa = PBXFileReference; explicitFileType = wrapper.cfbundle; includeInIndex = 0; path = BlockTests.xctest; sourceTree = BUILT_PRODUCTS_DIR; };
		C4A632F727D63A4700DA0504 /* EmployeeAPIDataSourceTest.swift */ = {isa = PBXFileReference; lastKnownFileType = sourcecode.swift; path = EmployeeAPIDataSourceTest.swift; sourceTree = "<group>"; };
		C4A632FB27D6479300DA0504 /* EmployeeAPIConfigManager.swift */ = {isa = PBXFileReference; lastKnownFileType = sourcecode.swift; path = EmployeeAPIConfigManager.swift; sourceTree = "<group>"; };
		C4BEE42B27D689E000177FB9 /* EmployeeAPIConfigManagerMalformedURLMock.swift */ = {isa = PBXFileReference; lastKnownFileType = sourcecode.swift; path = EmployeeAPIConfigManagerMalformedURLMock.swift; sourceTree = "<group>"; };
		C4BEE42F27D69B4F00177FB9 /* EmployeeRepositoryTest.swift */ = {isa = PBXFileReference; lastKnownFileType = sourcecode.swift; path = EmployeeRepositoryTest.swift; sourceTree = "<group>"; };
		C4BEE43227D69D3700177FB9 /* EmployeeAPIDataSourceEmptyMock.swift */ = {isa = PBXFileReference; lastKnownFileType = sourcecode.swift; path = EmployeeAPIDataSourceEmptyMock.swift; sourceTree = "<group>"; };
		C4BEE43427D69E3A00177FB9 /* EmployeeAPIDataSourceMalformedMock.swift */ = {isa = PBXFileReference; lastKnownFileType = sourcecode.swift; path = EmployeeAPIDataSourceMalformedMock.swift; sourceTree = "<group>"; };
		C4F85AFD27D6BF08002AFA5F /* EmployeePhoto.swift */ = {isa = PBXFileReference; lastKnownFileType = sourcecode.swift; path = EmployeePhoto.swift; sourceTree = "<group>"; };
		C4F85AFF27D6C04F002AFA5F /* EmployeeDescription.swift */ = {isa = PBXFileReference; lastKnownFileType = sourcecode.swift; path = EmployeeDescription.swift; sourceTree = "<group>"; };
/* End PBXFileReference section */

/* Begin PBXFrameworksBuildPhase section */
		C4A6329027D3CEE000DA0504 /* Frameworks */ = {
			isa = PBXFrameworksBuildPhase;
			buildActionMask = 2147483647;
			files = (
			);
			runOnlyForDeploymentPostprocessing = 0;
		};
		C4A632E327D6389800DA0504 /* Frameworks */ = {
			isa = PBXFrameworksBuildPhase;
			buildActionMask = 2147483647;
			files = (
			);
			runOnlyForDeploymentPostprocessing = 0;
		};
/* End PBXFrameworksBuildPhase section */

/* Begin PBXGroup section */
		C41AA15A27D6F58000C0EDFE /* Commons */ = {
			isa = PBXGroup;
			children = (
				C4F85AFD27D6BF08002AFA5F /* EmployeePhoto.swift */,
				C41AA15B27D70CB900C0EDFE /* CacheAsyncImage.swift */,
			);
			path = Commons;
			sourceTree = "<group>";
		};
		C485986227D67286004B4742 /* Mock */ = {
			isa = PBXGroup;
			children = (
				C485986327D6730A004B4742 /* EmployeeAPIConfigManagerEmptyMock.swift */,
				C485986527D673E8004B4742 /* EmployeeAPIConfigManagerMalformedMock.swift */,
				C485986727D68115004B4742 /* EmployeeAPIConfigManagerNoURLMock.swift */,
				C485986927D681A8004B4742 /* EmployeeAPIConfigManagerBadURLMock.swift */,
				C4BEE42B27D689E000177FB9 /* EmployeeAPIConfigManagerMalformedURLMock.swift */,
				C42DCC7327D6A16C00F1CEDB /* EmployeeAPIConfigManagerSuccessMock.swift */,
			);
			path = Mock;
			sourceTree = "<group>";
		};
		C4A017AB27D65FCA005C8F91 /* Configuration */ = {
			isa = PBXGroup;
			children = (
				C4A017AC27D65FF4005C8F91 /* ConfigurationManager.swift */,
			);
			path = Configuration;
			sourceTree = "<group>";
		};
		C4A017AE27D6655C005C8F91 /* Protocol */ = {
			isa = PBXGroup;
			children = (
				C4A017AF27D66567005C8F91 /* APIConfigurable.swift */,
			);
			path = Protocol;
			sourceTree = "<group>";
		};
		C4A017B127D66594005C8F91 /* Entity */ = {
			isa = PBXGroup;
			children = (
				C4A017B227D665A5005C8F91 /* EmployeeAPIConfiguration.swift */,
				C4A632CB27D4031D00DA0504 /* EmployeeAPIEndpoints.swift */,
			);
			path = Entity;
			sourceTree = "<group>";
		};
		C4A017B427D665E7005C8F91 /* Manager */ = {
			isa = PBXGroup;
			children = (
				C4A632FB27D6479300DA0504 /* EmployeeAPIConfigManager.swift */,
			);
			path = Manager;
			sourceTree = "<group>";
		};
		C4A6328A27D3CEE000DA0504 = {
			isa = PBXGroup;
			children = (
				C4A6329527D3CEE000DA0504 /* Block */,
				C4A632E727D6389800DA0504 /* BlockTests */,
				C4A6329427D3CEE000DA0504 /* Products */,
			);
			sourceTree = "<group>";
		};
		C4A6329427D3CEE000DA0504 /* Products */ = {
			isa = PBXGroup;
			children = (
				C4A6329327D3CEE000DA0504 /* Block.app */,
				C4A632E627D6389800DA0504 /* BlockTests.xctest */,
			);
			name = Products;
			sourceTree = "<group>";
		};
		C4A6329527D3CEE000DA0504 /* Block */ = {
			isa = PBXGroup;
			children = (
				C4A632A427D3CEE700DA0504 /* Core */,
				C4A632A527D3CEF300DA0504 /* Presentation */,
				C4A632A627D3CEF900DA0504 /* Domain */,
				C4A632A727D3CF0000DA0504 /* Data */,
			);
			path = Block;
			sourceTree = "<group>";
		};
		C4A632A427D3CEE700DA0504 /* Core */ = {
			isa = PBXGroup;
			children = (
				C4A632AF27D3D0D100DA0504 /* App */,
				C4A017AB27D65FCA005C8F91 /* Configuration */,
			);
			path = Core;
			sourceTree = "<group>";
		};
		C4A632A527D3CEF300DA0504 /* Presentation */ = {
			isa = PBXGroup;
			children = (
				C4A632CD27D52CF300DA0504 /* ViewModel */,
				C4A632AB27D3CFC100DA0504 /* Views */,
				C4A632AC27D3CFD300DA0504 /* Assets */,
			);
			path = Presentation;
			sourceTree = "<group>";
		};
		C4A632A627D3CEF900DA0504 /* Domain */ = {
			isa = PBXGroup;
			children = (
				C4A632A827D3CF9800DA0504 /* Model */,
				C4A632AA27D3CFA300DA0504 /* UseCase */,
				C4A632A927D3CF9D00DA0504 /* Repository */,
			);
			path = Domain;
			sourceTree = "<group>";
		};
		C4A632A727D3CF0000DA0504 /* Data */ = {
			isa = PBXGroup;
			children = (
				C4A632AD27D3CFEF00DA0504 /* Repository */,
				C4A632AE27D3CFF900DA0504 /* DataSource */,
			);
			path = Data;
			sourceTree = "<group>";
		};
		C4A632A827D3CF9800DA0504 /* Model */ = {
			isa = PBXGroup;
			children = (
				C4A632C327D3F75900DA0504 /* Employee.swift */,
			);
			path = Model;
			sourceTree = "<group>";
		};
		C4A632A927D3CF9D00DA0504 /* Repository */ = {
			isa = PBXGroup;
			children = (
				C4A632B427D3EB0C00DA0504 /* EmployeeRepositable.swift */,
			);
			path = Repository;
			sourceTree = "<group>";
		};
		C4A632AA27D3CFA300DA0504 /* UseCase */ = {
			isa = PBXGroup;
			children = (
				C4A632C727D3F98F00DA0504 /* FetchUsers */,
			);
			path = UseCase;
			sourceTree = "<group>";
		};
		C4A632AB27D3CFC100DA0504 /* Views */ = {
			isa = PBXGroup;
			children = (
				C41AA15A27D6F58000C0EDFE /* Commons */,
				C4A632D927D5839900DA0504 /* EmployeeList */,
			);
			path = Views;
			sourceTree = "<group>";
		};
		C4A632AC27D3CFD300DA0504 /* Assets */ = {
			isa = PBXGroup;
			children = (
				C4A6329A27D3CEE100DA0504 /* Assets.xcassets */,
			);
			path = Assets;
			sourceTree = "<group>";
		};
		C4A632AD27D3CFEF00DA0504 /* Repository */ = {
			isa = PBXGroup;
			children = (
				C4A632B827D3F08B00DA0504 /* Employee */,
			);
			path = Repository;
			sourceTree = "<group>";
		};
		C4A632AE27D3CFF900DA0504 /* DataSource */ = {
			isa = PBXGroup;
			children = (
				C4A632B927D3F09100DA0504 /* Employee */,
			);
			path = DataSource;
			sourceTree = "<group>";
		};
		C4A632AF27D3D0D100DA0504 /* App */ = {
			isa = PBXGroup;
			children = (
				C4A6329627D3CEE000DA0504 /* BlockApp.swift */,
			);
			path = App;
			sourceTree = "<group>";
		};
		C4A632B827D3F08B00DA0504 /* Employee */ = {
			isa = PBXGroup;
			children = (
				C4A632B227D3EAD000DA0504 /* EmployeeRepository.swift */,
			);
			path = Employee;
			sourceTree = "<group>";
		};
		C4A632B927D3F09100DA0504 /* Employee */ = {
			isa = PBXGroup;
			children = (
				C4A632BB27D3F0B000DA0504 /* Entity */,
				C4A632BA27D3F0AA00DA0504 /* Protocol */,
				C4A632BC27D3F0DB00DA0504 /* API */,
			);
			path = Employee;
			sourceTree = "<group>";
		};
		C4A632BA27D3F0AA00DA0504 /* Protocol */ = {
			isa = PBXGroup;
			children = (
				C4A632BF27D3F11800DA0504 /* EmployeeDataSourceable.swift */,
			);
			path = Protocol;
			sourceTree = "<group>";
		};
		C4A632BB27D3F0B000DA0504 /* Entity */ = {
			isa = PBXGroup;
			children = (
				C4A632BD27D3F0FC00DA0504 /* EmployeeDTO.swift */,
			);
			path = Entity;
			sourceTree = "<group>";
		};
		C4A632BC27D3F0DB00DA0504 /* API */ = {
			isa = PBXGroup;
			children = (
				C4A632C827D3FFB200DA0504 /* Configuration */,
				C4A632C127D3F1B100DA0504 /* EmployeeAPIDataSource.swift */,
				C4A632DE27D59DB200DA0504 /* EmployeeAPIDataSource+Decode.swift */,
			);
			path = API;
			sourceTree = "<group>";
		};
		C4A632C727D3F98F00DA0504 /* FetchUsers */ = {
			isa = PBXGroup;
			children = (
				C4A632C527D3F88F00DA0504 /* FetchEmployeeUseCaseable.swift */,
				C4A632D027D5321D00DA0504 /* FetchEmployeesUseCase.swift */,
			);
			path = FetchUsers;
			sourceTree = "<group>";
		};
		C4A632C827D3FFB200DA0504 /* Configuration */ = {
			isa = PBXGroup;
			children = (
				C4A632C927D4004200DA0504 /* EmployeeAPIConfiguration.plist */,
				C4A017B427D665E7005C8F91 /* Manager */,
				C4A017B127D66594005C8F91 /* Entity */,
				C4A017AE27D6655C005C8F91 /* Protocol */,
			);
			path = Configuration;
			sourceTree = "<group>";
		};
		C4A632CD27D52CF300DA0504 /* ViewModel */ = {
			isa = PBXGroup;
			children = (
				C4A632CE27D52D0300DA0504 /* EmployeeListViewModel.swift */,
			);
			path = ViewModel;
			sourceTree = "<group>";
		};
		C4A632D227D5806000DA0504 /* Screen */ = {
			isa = PBXGroup;
			children = (
				C4A6329827D3CEE000DA0504 /* EmployeeListView.swift */,
			);
			path = Screen;
			sourceTree = "<group>";
		};
		C4A632D327D5806B00DA0504 /* Components */ = {
			isa = PBXGroup;
			children = (
				C4A632D427D5807E00DA0504 /* ErrorView.swift */,
				C4A632D627D5822600DA0504 /* ErrorLabel.swift */,
				C4A632DA27D5855F00DA0504 /* ListView.swift */,
				C4A632DC27D585EE00DA0504 /* EmployeeRow.swift */,
				C4F85AFF27D6C04F002AFA5F /* EmployeeDescription.swift */,
			);
			path = Components;
			sourceTree = "<group>";
		};
		C4A632D927D5839900DA0504 /* EmployeeList */ = {
			isa = PBXGroup;
			children = (
				C4A632D327D5806B00DA0504 /* Components */,
				C4A632D227D5806000DA0504 /* Screen */,
			);
			path = EmployeeList;
			sourceTree = "<group>";
		};
		C4A632E727D6389800DA0504 /* BlockTests */ = {
			isa = PBXGroup;
			children = (
				C4A632EF27D6399F00DA0504 /* Data */,
			);
			path = BlockTests;
			sourceTree = "<group>";
		};
		C4A632EF27D6399F00DA0504 /* Data */ = {
			isa = PBXGroup;
			children = (
				C4A632F027D639A500DA0504 /* Repository */,
				C4A632F127D639AA00DA0504 /* DataSource */,
			);
			path = Data;
			sourceTree = "<group>";
		};
		C4A632F027D639A500DA0504 /* Repository */ = {
			isa = PBXGroup;
			children = (
				C4A632F227D639B600DA0504 /* Employee */,
			);
			path = Repository;
			sourceTree = "<group>";
		};
		C4A632F127D639AA00DA0504 /* DataSource */ = {
			isa = PBXGroup;
			children = (
				C4A632F327D639C200DA0504 /* Employee */,
			);
			path = DataSource;
			sourceTree = "<group>";
		};
		C4A632F227D639B600DA0504 /* Employee */ = {
			isa = PBXGroup;
			children = (
				C4BEE43127D69D0600177FB9 /* Mock */,
				C4BEE42F27D69B4F00177FB9 /* EmployeeRepositoryTest.swift */,
			);
			path = Employee;
			sourceTree = "<group>";
		};
		C4A632F327D639C200DA0504 /* Employee */ = {
			isa = PBXGroup;
			children = (
				C4A632F627D63A1500DA0504 /* API */,
			);
			path = Employee;
			sourceTree = "<group>";
		};
		C4A632F627D63A1500DA0504 /* API */ = {
			isa = PBXGroup;
			children = (
				C485986227D67286004B4742 /* Mock */,
				C4A632F727D63A4700DA0504 /* EmployeeAPIDataSourceTest.swift */,
			);
			path = API;
			sourceTree = "<group>";
		};
		C4BEE43127D69D0600177FB9 /* Mock */ = {
			isa = PBXGroup;
			children = (
				C4BEE43227D69D3700177FB9 /* EmployeeAPIDataSourceEmptyMock.swift */,
				C4BEE43427D69E3A00177FB9 /* EmployeeAPIDataSourceMalformedMock.swift */,
				C42DCC6D27D6A03A00F1CEDB /* EmployeeAPIDataSourceNoURLMock.swift */,
				C42DCC6F27D6A08300F1CEDB /* EmployeeAPIDataSourceBadURLMock.swift */,
				C42DCC7127D6A0BD00F1CEDB /* EmployeeAPIDataSourceMalformedURLMock.swift */,
				C42DCC7527D6A3B400F1CEDB /* EmployeeAPIDataSourceSuccessMock.swift */,
			);
			path = Mock;
			sourceTree = "<group>";
		};
/* End PBXGroup section */

/* Begin PBXNativeTarget section */
		C4A6329227D3CEE000DA0504 /* Block */ = {
			isa = PBXNativeTarget;
			buildConfigurationList = C4A632A127D3CEE100DA0504 /* Build configuration list for PBXNativeTarget "Block" */;
			buildPhases = (
				C4A6328F27D3CEE000DA0504 /* Sources */,
				C4A6329027D3CEE000DA0504 /* Frameworks */,
				C4A6329127D3CEE000DA0504 /* Resources */,
				C4A632B027D3D5B100DA0504 /* SwiftLint */,
			);
			buildRules = (
			);
			dependencies = (
			);
			name = Block;
			productName = Block;
			productReference = C4A6329327D3CEE000DA0504 /* Block.app */;
			productType = "com.apple.product-type.application";
		};
		C4A632E527D6389800DA0504 /* BlockTests */ = {
			isa = PBXNativeTarget;
			buildConfigurationList = C4A632EC27D6389800DA0504 /* Build configuration list for PBXNativeTarget "BlockTests" */;
			buildPhases = (
				C4A632E227D6389800DA0504 /* Sources */,
				C4A632E327D6389800DA0504 /* Frameworks */,
				C4A632E427D6389800DA0504 /* Resources */,
			);
			buildRules = (
			);
			dependencies = (
				C4A632EB27D6389800DA0504 /* PBXTargetDependency */,
			);
			name = BlockTests;
			productName = BlockTests;
			productReference = C4A632E627D6389800DA0504 /* BlockTests.xctest */;
			productType = "com.apple.product-type.bundle.unit-test";
		};
/* End PBXNativeTarget section */

/* Begin PBXProject section */
		C4A6328B27D3CEE000DA0504 /* Project object */ = {
			isa = PBXProject;
			attributes = {
				BuildIndependentTargetsInParallel = 1;
				LastSwiftUpdateCheck = 1320;
				LastUpgradeCheck = 1320;
				TargetAttributes = {
					C4A6329227D3CEE000DA0504 = {
						CreatedOnToolsVersion = 13.2.1;
					};
					C4A632E527D6389800DA0504 = {
						CreatedOnToolsVersion = 13.2.1;
						TestTargetID = C4A6329227D3CEE000DA0504;
					};
				};
			};
			buildConfigurationList = C4A6328E27D3CEE000DA0504 /* Build configuration list for PBXProject "Block" */;
			compatibilityVersion = "Xcode 13.0";
			developmentRegion = en;
			hasScannedForEncodings = 0;
			knownRegions = (
				en,
				Base,
			);
			mainGroup = C4A6328A27D3CEE000DA0504;
			productRefGroup = C4A6329427D3CEE000DA0504 /* Products */;
			projectDirPath = "";
			projectRoot = "";
			targets = (
				C4A6329227D3CEE000DA0504 /* Block */,
				C4A632E527D6389800DA0504 /* BlockTests */,
			);
		};
/* End PBXProject section */

/* Begin PBXResourcesBuildPhase section */
		C4A6329127D3CEE000DA0504 /* Resources */ = {
			isa = PBXResourcesBuildPhase;
			buildActionMask = 2147483647;
			files = (
				C4A632CA27D4004200DA0504 /* EmployeeAPIConfiguration.plist in Resources */,
				C4A6329B27D3CEE100DA0504 /* Assets.xcassets in Resources */,
			);
			runOnlyForDeploymentPostprocessing = 0;
		};
		C4A632E427D6389800DA0504 /* Resources */ = {
			isa = PBXResourcesBuildPhase;
			buildActionMask = 2147483647;
			files = (
			);
			runOnlyForDeploymentPostprocessing = 0;
		};
/* End PBXResourcesBuildPhase section */

/* Begin PBXShellScriptBuildPhase section */
		C4A632B027D3D5B100DA0504 /* SwiftLint */ = {
			isa = PBXShellScriptBuildPhase;
			buildActionMask = 2147483647;
			files = (
			);
			inputFileListPaths = (
			);
			inputPaths = (
			);
			name = SwiftLint;
			outputFileListPaths = (
			);
			outputPaths = (
			);
			runOnlyForDeploymentPostprocessing = 0;
			shellPath = /bin/sh;
			shellScript = "export PATH=\"$PATH:/opt/homebrew/bin\"\n\nif which swiftlint >/dev/null; then\n  swiftlint\nelse\n  echo \"warning: SwiftLint not installed, download from https://github.com/realm/SwiftLint\"\nfi\n";
		};
/* End PBXShellScriptBuildPhase section */

/* Begin PBXSourcesBuildPhase section */
		C4A6328F27D3CEE000DA0504 /* Sources */ = {
			isa = PBXSourcesBuildPhase;
			buildActionMask = 2147483647;
			files = (
				C4A017AD27D65FF4005C8F91 /* ConfigurationManager.swift in Sources */,
				C4A632C027D3F11800DA0504 /* EmployeeDataSourceable.swift in Sources */,
				C4A6329927D3CEE000DA0504 /* EmployeeListView.swift in Sources */,
				C4A632DB27D5855F00DA0504 /* ListView.swift in Sources */,
				C4A632B527D3EB0C00DA0504 /* EmployeeRepositable.swift in Sources */,
				C41AA15C27D70CB900C0EDFE /* CacheAsyncImage.swift in Sources */,
				C4A632DD27D585EE00DA0504 /* EmployeeRow.swift in Sources */,
				C4F85B0027D6C04F002AFA5F /* EmployeeDescription.swift in Sources */,
				C4A6329727D3CEE000DA0504 /* BlockApp.swift in Sources */,
				C4A632C427D3F75900DA0504 /* Employee.swift in Sources */,
				C4A632BE27D3F0FC00DA0504 /* EmployeeDTO.swift in Sources */,
				C4A632FC27D6479300DA0504 /* EmployeeAPIConfigManager.swift in Sources */,
				C4A632C227D3F1B100DA0504 /* EmployeeAPIDataSource.swift in Sources */,
				C4A632D727D5822600DA0504 /* ErrorLabel.swift in Sources */,
				C4A632CC27D4031D00DA0504 /* EmployeeAPIEndpoints.swift in Sources */,
				C4A632DF27D59DB200DA0504 /* EmployeeAPIDataSource+Decode.swift in Sources */,
				C4F85AFE27D6BF08002AFA5F /* EmployeePhoto.swift in Sources */,
				C4A632C627D3F88F00DA0504 /* FetchEmployeeUseCaseable.swift in Sources */,
				C4A632B327D3EAD000DA0504 /* EmployeeRepository.swift in Sources */,
				C4A017B027D66567005C8F91 /* APIConfigurable.swift in Sources */,
				C4A632CF27D52D0300DA0504 /* EmployeeListViewModel.swift in Sources */,
				C4A632D527D5807E00DA0504 /* ErrorView.swift in Sources */,
				C4A632D127D5321D00DA0504 /* FetchEmployeesUseCase.swift in Sources */,
				C4A017B327D665A5005C8F91 /* EmployeeAPIConfiguration.swift in Sources */,
			);
			runOnlyForDeploymentPostprocessing = 0;
		};
		C4A632E227D6389800DA0504 /* Sources */ = {
			isa = PBXSourcesBuildPhase;
			buildActionMask = 2147483647;
			files = (
				C42DCC7027D6A08300F1CEDB /* EmployeeAPIDataSourceBadURLMock.swift in Sources */,
				C42DCC7627D6A3B400F1CEDB /* EmployeeAPIDataSourceSuccessMock.swift in Sources */,
				C485986427D6730A004B4742 /* EmployeeAPIConfigManagerEmptyMock.swift in Sources */,
				C4BEE43027D69B4F00177FB9 /* EmployeeRepositoryTest.swift in Sources */,
				C42DCC7427D6A16C00F1CEDB /* EmployeeAPIConfigManagerSuccessMock.swift in Sources */,
				C4A632F827D63A4700DA0504 /* EmployeeAPIDataSourceTest.swift in Sources */,
				C4BEE43527D69E3A00177FB9 /* EmployeeAPIDataSourceMalformedMock.swift in Sources */,
				C42DCC6E27D6A03A00F1CEDB /* EmployeeAPIDataSourceNoURLMock.swift in Sources */,
				C485986A27D681A8004B4742 /* EmployeeAPIConfigManagerBadURLMock.swift in Sources */,
				C485986827D68115004B4742 /* EmployeeAPIConfigManagerNoURLMock.swift in Sources */,
				C4BEE43327D69D3700177FB9 /* EmployeeAPIDataSourceEmptyMock.swift in Sources */,
				C4BEE42C27D689E000177FB9 /* EmployeeAPIConfigManagerMalformedURLMock.swift in Sources */,
				C485986627D673E8004B4742 /* EmployeeAPIConfigManagerMalformedMock.swift in Sources */,
				C42DCC7227D6A0BD00F1CEDB /* EmployeeAPIDataSourceMalformedURLMock.swift in Sources */,
			);
			runOnlyForDeploymentPostprocessing = 0;
		};
/* End PBXSourcesBuildPhase section */

/* Begin PBXTargetDependency section */
		C4A632EB27D6389800DA0504 /* PBXTargetDependency */ = {
			isa = PBXTargetDependency;
			target = C4A6329227D3CEE000DA0504 /* Block */;
			targetProxy = C4A632EA27D6389800DA0504 /* PBXContainerItemProxy */;
		};
/* End PBXTargetDependency section */

/* Begin XCBuildConfiguration section */
		C4A6329F27D3CEE100DA0504 /* Debug */ = {
			isa = XCBuildConfiguration;
			buildSettings = {
				ALWAYS_SEARCH_USER_PATHS = NO;
				CLANG_ANALYZER_NONNULL = YES;
				CLANG_ANALYZER_NUMBER_OBJECT_CONVERSION = YES_AGGRESSIVE;
				CLANG_CXX_LANGUAGE_STANDARD = "gnu++17";
				CLANG_CXX_LIBRARY = "libc++";
				CLANG_ENABLE_MODULES = YES;
				CLANG_ENABLE_OBJC_ARC = YES;
				CLANG_ENABLE_OBJC_WEAK = YES;
				CLANG_WARN_BLOCK_CAPTURE_AUTORELEASING = YES;
				CLANG_WARN_BOOL_CONVERSION = YES;
				CLANG_WARN_COMMA = YES;
				CLANG_WARN_CONSTANT_CONVERSION = YES;
				CLANG_WARN_DEPRECATED_OBJC_IMPLEMENTATIONS = YES;
				CLANG_WARN_DIRECT_OBJC_ISA_USAGE = YES_ERROR;
				CLANG_WARN_DOCUMENTATION_COMMENTS = YES;
				CLANG_WARN_EMPTY_BODY = YES;
				CLANG_WARN_ENUM_CONVERSION = YES;
				CLANG_WARN_INFINITE_RECURSION = YES;
				CLANG_WARN_INT_CONVERSION = YES;
				CLANG_WARN_NON_LITERAL_NULL_CONVERSION = YES;
				CLANG_WARN_OBJC_IMPLICIT_RETAIN_SELF = YES;
				CLANG_WARN_OBJC_LITERAL_CONVERSION = YES;
				CLANG_WARN_OBJC_ROOT_CLASS = YES_ERROR;
				CLANG_WARN_QUOTED_INCLUDE_IN_FRAMEWORK_HEADER = YES;
				CLANG_WARN_RANGE_LOOP_ANALYSIS = YES;
				CLANG_WARN_STRICT_PROTOTYPES = YES;
				CLANG_WARN_SUSPICIOUS_MOVE = YES;
				CLANG_WARN_UNGUARDED_AVAILABILITY = YES_AGGRESSIVE;
				CLANG_WARN_UNREACHABLE_CODE = YES;
				CLANG_WARN__DUPLICATE_METHOD_MATCH = YES;
				COPY_PHASE_STRIP = NO;
				DEBUG_INFORMATION_FORMAT = dwarf;
				ENABLE_STRICT_OBJC_MSGSEND = YES;
				ENABLE_TESTABILITY = YES;
				GCC_C_LANGUAGE_STANDARD = gnu11;
				GCC_DYNAMIC_NO_PIC = NO;
				GCC_NO_COMMON_BLOCKS = YES;
				GCC_OPTIMIZATION_LEVEL = 0;
				GCC_PREPROCESSOR_DEFINITIONS = (
					"DEBUG=1",
					"$(inherited)",
				);
				GCC_WARN_64_TO_32_BIT_CONVERSION = YES;
				GCC_WARN_ABOUT_RETURN_TYPE = YES_ERROR;
				GCC_WARN_UNDECLARED_SELECTOR = YES;
				GCC_WARN_UNINITIALIZED_AUTOS = YES_AGGRESSIVE;
				GCC_WARN_UNUSED_FUNCTION = YES;
				GCC_WARN_UNUSED_VARIABLE = YES;
				IPHONEOS_DEPLOYMENT_TARGET = 15.2;
				MTL_ENABLE_DEBUG_INFO = INCLUDE_SOURCE;
				MTL_FAST_MATH = YES;
				ONLY_ACTIVE_ARCH = YES;
				SDKROOT = iphoneos;
				SWIFT_ACTIVE_COMPILATION_CONDITIONS = DEBUG;
				SWIFT_OPTIMIZATION_LEVEL = "-Onone";
			};
			name = Debug;
		};
		C4A632A027D3CEE100DA0504 /* Release */ = {
			isa = XCBuildConfiguration;
			buildSettings = {
				ALWAYS_SEARCH_USER_PATHS = NO;
				CLANG_ANALYZER_NONNULL = YES;
				CLANG_ANALYZER_NUMBER_OBJECT_CONVERSION = YES_AGGRESSIVE;
				CLANG_CXX_LANGUAGE_STANDARD = "gnu++17";
				CLANG_CXX_LIBRARY = "libc++";
				CLANG_ENABLE_MODULES = YES;
				CLANG_ENABLE_OBJC_ARC = YES;
				CLANG_ENABLE_OBJC_WEAK = YES;
				CLANG_WARN_BLOCK_CAPTURE_AUTORELEASING = YES;
				CLANG_WARN_BOOL_CONVERSION = YES;
				CLANG_WARN_COMMA = YES;
				CLANG_WARN_CONSTANT_CONVERSION = YES;
				CLANG_WARN_DEPRECATED_OBJC_IMPLEMENTATIONS = YES;
				CLANG_WARN_DIRECT_OBJC_ISA_USAGE = YES_ERROR;
				CLANG_WARN_DOCUMENTATION_COMMENTS = YES;
				CLANG_WARN_EMPTY_BODY = YES;
				CLANG_WARN_ENUM_CONVERSION = YES;
				CLANG_WARN_INFINITE_RECURSION = YES;
				CLANG_WARN_INT_CONVERSION = YES;
				CLANG_WARN_NON_LITERAL_NULL_CONVERSION = YES;
				CLANG_WARN_OBJC_IMPLICIT_RETAIN_SELF = YES;
				CLANG_WARN_OBJC_LITERAL_CONVERSION = YES;
				CLANG_WARN_OBJC_ROOT_CLASS = YES_ERROR;
				CLANG_WARN_QUOTED_INCLUDE_IN_FRAMEWORK_HEADER = YES;
				CLANG_WARN_RANGE_LOOP_ANALYSIS = YES;
				CLANG_WARN_STRICT_PROTOTYPES = YES;
				CLANG_WARN_SUSPICIOUS_MOVE = YES;
				CLANG_WARN_UNGUARDED_AVAILABILITY = YES_AGGRESSIVE;
				CLANG_WARN_UNREACHABLE_CODE = YES;
				CLANG_WARN__DUPLICATE_METHOD_MATCH = YES;
				COPY_PHASE_STRIP = NO;
				DEBUG_INFORMATION_FORMAT = "dwarf-with-dsym";
				ENABLE_NS_ASSERTIONS = NO;
				ENABLE_STRICT_OBJC_MSGSEND = YES;
				GCC_C_LANGUAGE_STANDARD = gnu11;
				GCC_NO_COMMON_BLOCKS = YES;
				GCC_WARN_64_TO_32_BIT_CONVERSION = YES;
				GCC_WARN_ABOUT_RETURN_TYPE = YES_ERROR;
				GCC_WARN_UNDECLARED_SELECTOR = YES;
				GCC_WARN_UNINITIALIZED_AUTOS = YES_AGGRESSIVE;
				GCC_WARN_UNUSED_FUNCTION = YES;
				GCC_WARN_UNUSED_VARIABLE = YES;
				IPHONEOS_DEPLOYMENT_TARGET = 15.2;
				MTL_ENABLE_DEBUG_INFO = NO;
				MTL_FAST_MATH = YES;
				SDKROOT = iphoneos;
				SWIFT_COMPILATION_MODE = wholemodule;
				SWIFT_OPTIMIZATION_LEVEL = "-O";
				VALIDATE_PRODUCT = YES;
			};
			name = Release;
		};
		C4A632A227D3CEE100DA0504 /* Debug */ = {
			isa = XCBuildConfiguration;
			buildSettings = {
				ASSETCATALOG_COMPILER_APPICON_NAME = AppIcon;
				ASSETCATALOG_COMPILER_GLOBAL_ACCENT_COLOR_NAME = AccentColor;
				CODE_SIGN_STYLE = Automatic;
				CURRENT_PROJECT_VERSION = 1;
				DEVELOPMENT_TEAM = W2HFS492D7;
				ENABLE_PREVIEWS = NO;
				GENERATE_INFOPLIST_FILE = YES;
				INFOPLIST_KEY_UIApplicationSceneManifest_Generation = YES;
				INFOPLIST_KEY_UIApplicationSupportsIndirectInputEvents = YES;
				INFOPLIST_KEY_UILaunchScreen_Generation = YES;
				INFOPLIST_KEY_UISupportedInterfaceOrientations = UIInterfaceOrientationPortrait;
				INFOPLIST_KEY_UISupportedInterfaceOrientations_iPad = "UIInterfaceOrientationPortrait UIInterfaceOrientationPortraitUpsideDown UIInterfaceOrientationLandscapeLeft UIInterfaceOrientationLandscapeRight";
				INFOPLIST_KEY_UISupportedInterfaceOrientations_iPhone = "UIInterfaceOrientationPortrait UIInterfaceOrientationLandscapeLeft UIInterfaceOrientationLandscapeRight";
				LD_RUNPATH_SEARCH_PATHS = (
					"$(inherited)",
					"@executable_path/Frameworks",
				);
				MARKETING_VERSION = 1.0;
				PRODUCT_BUNDLE_IDENTIFIER = com.rpairo.Block;
				PRODUCT_NAME = "$(TARGET_NAME)";
				SWIFT_EMIT_LOC_STRINGS = YES;
				SWIFT_VERSION = 5.0;
				TARGETED_DEVICE_FAMILY = 1;
			};
			name = Debug;
		};
		C4A632A327D3CEE100DA0504 /* Release */ = {
			isa = XCBuildConfiguration;
			buildSettings = {
				ASSETCATALOG_COMPILER_APPICON_NAME = AppIcon;
				ASSETCATALOG_COMPILER_GLOBAL_ACCENT_COLOR_NAME = AccentColor;
				CODE_SIGN_STYLE = Automatic;
				CURRENT_PROJECT_VERSION = 1;
				DEVELOPMENT_TEAM = W2HFS492D7;
				ENABLE_PREVIEWS = NO;
				GENERATE_INFOPLIST_FILE = YES;
				INFOPLIST_KEY_UIApplicationSceneManifest_Generation = YES;
				INFOPLIST_KEY_UIApplicationSupportsIndirectInputEvents = YES;
				INFOPLIST_KEY_UILaunchScreen_Generation = YES;
				INFOPLIST_KEY_UISupportedInterfaceOrientations = UIInterfaceOrientationPortrait;
				INFOPLIST_KEY_UISupportedInterfaceOrientations_iPad = "UIInterfaceOrientationPortrait UIInterfaceOrientationPortraitUpsideDown UIInterfaceOrientationLandscapeLeft UIInterfaceOrientationLandscapeRight";
				INFOPLIST_KEY_UISupportedInterfaceOrientations_iPhone = "UIInterfaceOrientationPortrait UIInterfaceOrientationLandscapeLeft UIInterfaceOrientationLandscapeRight";
				LD_RUNPATH_SEARCH_PATHS = (
					"$(inherited)",
					"@executable_path/Frameworks",
				);
				MARKETING_VERSION = 1.0;
				PRODUCT_BUNDLE_IDENTIFIER = com.rpairo.Block;
				PRODUCT_NAME = "$(TARGET_NAME)";
				SWIFT_EMIT_LOC_STRINGS = YES;
				SWIFT_VERSION = 5.0;
				TARGETED_DEVICE_FAMILY = 1;
			};
			name = Release;
		};
		C4A632ED27D6389800DA0504 /* Debug */ = {
			isa = XCBuildConfiguration;
			buildSettings = {
				BUNDLE_LOADER = "$(TEST_HOST)";
				CODE_SIGN_STYLE = Automatic;
				CURRENT_PROJECT_VERSION = 1;
				DEVELOPMENT_TEAM = W2HFS492D7;
				GENERATE_INFOPLIST_FILE = YES;
				MARKETING_VERSION = 1.0;
				PRODUCT_BUNDLE_IDENTIFIER = com.rpairo.BlockTests;
				PRODUCT_NAME = "$(TARGET_NAME)";
				SWIFT_EMIT_LOC_STRINGS = NO;
				SWIFT_VERSION = 5.0;
				TARGETED_DEVICE_FAMILY = "1,2";
				TEST_HOST = "$(BUILT_PRODUCTS_DIR)/Block.app/Block";
			};
			name = Debug;
		};
		C4A632EE27D6389800DA0504 /* Release */ = {
			isa = XCBuildConfiguration;
			buildSettings = {
				BUNDLE_LOADER = "$(TEST_HOST)";
				CODE_SIGN_STYLE = Automatic;
				CURRENT_PROJECT_VERSION = 1;
				DEVELOPMENT_TEAM = W2HFS492D7;
				GENERATE_INFOPLIST_FILE = YES;
				MARKETING_VERSION = 1.0;
				PRODUCT_BUNDLE_IDENTIFIER = com.rpairo.BlockTests;
				PRODUCT_NAME = "$(TARGET_NAME)";
				SWIFT_EMIT_LOC_STRINGS = NO;
				SWIFT_VERSION = 5.0;
				TARGETED_DEVICE_FAMILY = "1,2";
				TEST_HOST = "$(BUILT_PRODUCTS_DIR)/Block.app/Block";
			};
			name = Release;
		};
/* End XCBuildConfiguration section */

/* Begin XCConfigurationList section */
		C4A6328E27D3CEE000DA0504 /* Build configuration list for PBXProject "Block" */ = {
			isa = XCConfigurationList;
			buildConfigurations = (
				C4A6329F27D3CEE100DA0504 /* Debug */,
				C4A632A027D3CEE100DA0504 /* Release */,
			);
			defaultConfigurationIsVisible = 0;
			defaultConfigurationName = Release;
		};
		C4A632A127D3CEE100DA0504 /* Build configuration list for PBXNativeTarget "Block" */ = {
			isa = XCConfigurationList;
			buildConfigurations = (
				C4A632A227D3CEE100DA0504 /* Debug */,
				C4A632A327D3CEE100DA0504 /* Release */,
			);
			defaultConfigurationIsVisible = 0;
			defaultConfigurationName = Release;
		};
		C4A632EC27D6389800DA0504 /* Build configuration list for PBXNativeTarget "BlockTests" */ = {
			isa = XCConfigurationList;
			buildConfigurations = (
				C4A632ED27D6389800DA0504 /* Debug */,
				C4A632EE27D6389800DA0504 /* Release */,
			);
			defaultConfigurationIsVisible = 0;
			defaultConfigurationName = Release;
		};
/* End XCConfigurationList section */
	};
	rootObject = C4A6328B27D3CEE000DA0504 /* Project object */;
}
